Microsoft Visual Studio Solution File, Format Version 12.00
# Visual Studio Version 17
VisualStudioVersion = 17.5.2.0
MinimumVisualStudioVersion = 10.0.40219.1
Project("{FAE04EC0-301F-11D3-BF4B-00C04F79EFBC}") = "Greg", "Greg.csproj", "{BEE71D7E-8A82-0435-B784-1094A14A9EDC}"
EndProject
Global
	GlobalSection(SolutionConfigurationPlatforms) = preSolution
		Debug|Any CPU = Debug|Any CPU
		Release|Any CPU = Release|Any CPU
	EndGlobalSection
	GlobalSection(ProjectConfigurationPlatforms) = postSolution
		{BEE71D7E-8A82-0435-B784-1094A14A9EDC}.Debug|Any CPU.ActiveCfg = Debug|Any CPU
		{BEE71D7E-8A82-0435-B784-1094A14A9EDC}.Debug|Any CPU.Build.0 = Debug|Any CPU
		{BEE71D7E-8A82-0435-B784-1094A14A9EDC}.Release|Any CPU.ActiveCfg = Release|Any CPU
		{BEE71D7E-8A82-0435-B784-1094A14A9EDC}.Release|Any CPU.Build.0 = Release|Any CPU
	EndGlobalSection
	GlobalSection(SolutionProperties) = preSolution
		HideSolutionNode = FALSE
	EndGlobalSection
	GlobalSection(NestedProjects) = preSolution
		{983B3D17-FD4C-BBFF-2001-E7627B040A22} = {DCB99B3B-DCAC-3C0A-AAEB-28557F8ED7CC}
		{BEE71D7E-8A82-0435-B784-1094A14A9EDC} = {983B3D17-FD4C-BBFF-2001-E7627B040A22}
	EndGlobalSection
	GlobalSection(ExtensibilityGlobals) = postSolution
		SolutionGuid = {342E0BD0-2D42-4F80-ACE3-AF835D1D7B5E}
	EndGlobalSection
EndGlobal
